
Microsoft Visual Studio Solution File, Format Version 12.00
# Visual Studio 2012
Project("{FAE04EC0-301F-11D3-BF4B-00C04F79EFBC}") = "WhichCard", "WhichCard\WhichCard.csproj", "{07DF4FD3-214B-46B7-9390-FDF46DE701E8}"
EndProject
Project("{FAE04EC0-301F-11D3-BF4B-00C04F79EFBC}") = "WhichCard.IntegrationTests", "WhichCard.IntegrationTests\WhichCard.IntegrationTests.csproj", "{63CC0E46-08DE-4072-BA1C-3533D0BEA21D}"
EndProject
Project("{FAE04EC0-301F-11D3-BF4B-00C04F79EFBC}") = "WhichCard.Api", "WhichCard.Api\WhichCard.Api.csproj", "{7F7C6B67-8F11-44B6-9BAD-070FC7360F28}"
EndProject
Global
	GlobalSection(SolutionConfigurationPlatforms) = preSolution
		Debug|Any CPU = Debug|Any CPU
		Release|Any CPU = Release|Any CPU
	EndGlobalSection
	GlobalSection(ProjectConfigurationPlatforms) = postSolution
		{07DF4FD3-214B-46B7-9390-FDF46DE701E8}.Debug|Any CPU.ActiveCfg = Debug|Any CPU
		{07DF4FD3-214B-46B7-9390-FDF46DE701E8}.Debug|Any CPU.Build.0 = Debug|Any CPU
		{07DF4FD3-214B-46B7-9390-FDF46DE701E8}.Release|Any CPU.ActiveCfg = Release|Any CPU
		{07DF4FD3-214B-46B7-9390-FDF46DE701E8}.Release|Any CPU.Build.0 = Release|Any CPU
		{63CC0E46-08DE-4072-BA1C-3533D0BEA21D}.Debug|Any CPU.ActiveCfg = Debug|Any CPU
		{63CC0E46-08DE-4072-BA1C-3533D0BEA21D}.Debug|Any CPU.Build.0 = Debug|Any CPU
		{63CC0E46-08DE-4072-BA1C-3533D0BEA21D}.Release|Any CPU.ActiveCfg = Release|Any CPU
		{63CC0E46-08DE-4072-BA1C-3533D0BEA21D}.Release|Any CPU.Build.0 = Release|Any CPU
		{7F7C6B67-8F11-44B6-9BAD-070FC7360F28}.Debug|Any CPU.ActiveCfg = Debug|Any CPU
		{7F7C6B67-8F11-44B6-9BAD-070FC7360F28}.Debug|Any CPU.Build.0 = Debug|Any CPU
		{7F7C6B67-8F11-44B6-9BAD-070FC7360F28}.Release|Any CPU.ActiveCfg = Release|Any CPU
		{7F7C6B67-8F11-44B6-9BAD-070FC7360F28}.Release|Any CPU.Build.0 = Release|Any CPU
	EndGlobalSection
	GlobalSection(MonoDevelopProperties) = preSolution
		Policies = $0
		$0.DotNetNamingPolicy = $1
		$1.DirectoryNamespaceAssociation = PrefixedHierarchical
		$0.VersionControlPolicy = $2
		$2.CommitMessageStyle = $3
		$3.FileSeparator = ", "
		$3.LineAlign = 0
	EndGlobalSection
EndGlobal
